
Microsoft Visual Studio Solution File, Format Version 12.00
# Visual Studio Version 16
VisualStudioVersion = 16.0.32002.261
MinimumVisualStudioVersion = 10.0.40219.1
Project("{FAE04EC0-301F-11D3-BF4B-00C04F79EFBC}") = "HolyWebi", "HolyWebi.csproj", "{262644BB-5ADC-46F8-8961-714257A2BEAD}"
EndProject
Project("{FAE04EC0-301F-11D3-BF4B-00C04F79EFBC}") = "HolyWebi.Tests", "..\HolyWebi.Tests\HolyWebi.Tests.csproj", "{48077867-8074-49CF-B5B3-4F5646F030D8}"
EndProject
Global
	GlobalSection(SolutionConfigurationPlatforms) = preSolution
		Debug|Any CPU = Debug|Any CPU
		Release|Any CPU = Release|Any CPU
	EndGlobalSection
	GlobalSection(ProjectConfigurationPlatforms) = postSolution
		{262644BB-5ADC-46F8-8961-714257A2BEAD}.Debug|Any CPU.ActiveCfg = Debug|Any CPU
		{262644BB-5ADC-46F8-8961-714257A2BEAD}.Debug|Any CPU.Build.0 = Debug|Any CPU
		{262644BB-5ADC-46F8-8961-714257A2BEAD}.Release|Any CPU.ActiveCfg = Release|Any CPU
		{262644BB-5ADC-46F8-8961-714257A2BEAD}.Release|Any CPU.Build.0 = Release|Any CPU
		{48077867-8074-49CF-B5B3-4F5646F030D8}.Debug|Any CPU.ActiveCfg = Debug|Any CPU
		{48077867-8074-49CF-B5B3-4F5646F030D8}.Debug|Any CPU.Build.0 = Debug|Any CPU
		{48077867-8074-49CF-B5B3-4F5646F030D8}.Release|Any CPU.ActiveCfg = Release|Any CPU
		{48077867-8074-49CF-B5B3-4F5646F030D8}.Release|Any CPU.Build.0 = Release|Any CPU
	EndGlobalSection
	GlobalSection(SolutionProperties) = preSolution
		HideSolutionNode = FALSE
	EndGlobalSection
	GlobalSection(ExtensibilityGlobals) = postSolution
		SolutionGuid = {4577E606-7853-4931-AE6F-FADBA1EAD878}
	EndGlobalSection
EndGlobal
